PODS:
  - Alamofire (4.0.0)
  - GoogleAPISwiftClient/Blogger (0.5.0):
    - Alamofire
    - GoogleAPISwiftClient/Common
    - ObjectMapper
  - GoogleAPISwiftClient/Common (0.5.0):
    - Alamofire
    - ObjectMapper
  - ObjectMapper (2.0.0)

DEPENDENCIES:
  - Alamofire (~> 4.0.0)
  - GoogleAPISwiftClient/Blogger (from `https://github.com/mattwyskiel/GoogleAPISwiftClient.git`, branch `swift-3.0`)

EXTERNAL SOURCES:
  GoogleAPISwiftClient:
    :branch: swift-3.0
    :git: https://github.com/mattwyskiel/GoogleAPISwiftClient.git

CHECKOUT OPTIONS:
  GoogleAPISwiftClient:
    :commit: 966228df1887c595e84cf4b84565868d0f7d7491
    :git: https://github.com/mattwyskiel/GoogleAPISwiftClient.git

SPEC CHECKSUMS:
  Alamofire: fef59f00388f267e52d9b432aa5d93dc97190f14
  GoogleAPISwiftClient: e0ee2e3541ae1cbb42b5d4dd03b4e6cd298a07ec
  ObjectMapper: aed2570edabbd3c9b26c939e1cabdb6558f933e0

PODFILE CHECKSUM: f2c90cee44c6f33fbe562495099aa68aa32fe575

COCOAPODS: 1.1.0.rc.2
