PODS:
  - Alamofire (4.2.0)
  - GoogleAPIClientForREST/Blogger (1.1.1):
    - GoogleAPIClientForREST/Core
    - GTMSessionFetcher (>= 1.1.7)
  - GoogleAPIClientForREST/Core (1.1.1):
    - GTMSessionFetcher (>= 1.1.7)
  - GTMSessionFetcher (1.1.7):
    - GTMSessionFetcher/Full (= 1.1.7)
  - GTMSessionFetcher/Core (1.1.7)
  - GTMSessionFetcher/Full (1.1.7):
    - GTMSessionFetcher/Core (= 1.1.7)

DEPENDENCIES:
  - Alamofire (~> 4.0)
  - GoogleAPIClientForREST/Blogger (~> 1.1)

SPEC CHECKSUMS:
  Alamofire: aa2e09d871c9160ac53c90e83c68064a94e3dfbe
  GoogleAPIClientForREST: f272e35f7fe9f80ab232756c798adc32245ece8c
  GTMSessionFetcher: a1f8ed39e4fe21c68957daed472c7afbcdf29166

PODFILE CHECKSUM: e2bd7ced57d7142b896db1f4fb8e16d9fcc2b793

COCOAPODS: 1.1.1
