// !$*UTF8*$!
{
	archiveVersion = 1;
	classes = {
	};
	objectVersion = 55;
	objects = {

/* Begin PBXBuildFile section */
		574D383528A027B8002F505A /* PoetryApp.swift in Sources */ = {isa = PBXBuildFile; fileRef = 574D383428A027B8002F505A /* PoetryApp.swift */; };
		574D383728A027B8002F505A /* ContentView.swift in Sources */ = {isa = PBXBuildFile; fileRef = 574D383628A027B8002F505A /* ContentView.swift */; };
		574D383928A027B9002F505A /* Assets.xcassets in Resources */ = {isa = PBXBuildFile; fileRef = 574D383828A027B9002F505A /* Assets.xcassets */; };
		574D383C28A027B9002F505A /* Preview Assets.xcassets in Resources */ = {isa = PBXBuildFile; fileRef = 574D383B28A027B9002F505A /* Preview Assets.xcassets */; };
		574D384628A027B9002F505A /* PoetryTests.swift in Sources */ = {isa = PBXBuildFile; fileRef = 574D384528A027B9002F505A /* PoetryTests.swift */; };
		574D385028A027B9002F505A /* PoetryUITests.swift in Sources */ = {isa = PBXBuildFile; fileRef = 574D384F28A027B9002F505A /* PoetryUITests.swift */; };
		574D385228A027B9002F505A /* PoetryUITestsLaunchTests.swift in Sources */ = {isa = PBXBuildFile; fileRef = 574D385128A027B9002F505A /* PoetryUITestsLaunchTests.swift */; };
		574D386728A027D6002F505A /* PoemTitleCell.swift in Sources */ = {isa = PBXBuildFile; fileRef = 574D386028A027D5002F505A /* PoemTitleCell.swift */; };
		574D386828A027D6002F505A /* PoemsViewModel.swift in Sources */ = {isa = PBXBuildFile; fileRef = 574D386128A027D5002F505A /* PoemsViewModel.swift */; };
		574D386A28A027D6002F505A /* Blogger.swift in Sources */ = {isa = PBXBuildFile; fileRef = 574D386428A027D5002F505A /* Blogger.swift */; };
		574D386B28A027D6002F505A /* AtomParser.swift in Sources */ = {isa = PBXBuildFile; fileRef = 574D386528A027D5002F505A /* AtomParser.swift */; };
		574D386E28A028EA002F505A /* Alamofire in Frameworks */ = {isa = PBXBuildFile; productRef = 574D386D28A028EA002F505A /* Alamofire */; };
		574D387128A02953002F505A /* GoogleAPIClientForREST_Blogger in Frameworks */ = {isa = PBXBuildFile; productRef = 574D387028A02953002F505A /* GoogleAPIClientForREST_Blogger */; };
		574D387428A03C8D002F505A /* PoemView.swift in Sources */ = {isa = PBXBuildFile; fileRef = 574D387328A03C8D002F505A /* PoemView.swift */; };
/* End PBXBuildFile section */

/* Begin PBXContainerItemProxy section */
		574D384228A027B9002F505A /* PBXContainerItemProxy */ = {
			isa = PBXContainerItemProxy;
			containerPortal = 574D382928A027B8002F505A /* Project object */;
			proxyType = 1;
			remoteGlobalIDString = 574D383028A027B8002F505A;
			remoteInfo = Poetry;
		};
		574D384C28A027B9002F505A /* PBXContainerItemProxy */ = {
			isa = PBXContainerItemProxy;
			containerPortal = 574D382928A027B8002F505A /* Project object */;
			proxyType = 1;
			remoteGlobalIDString = 574D383028A027B8002F505A;
			remoteInfo = Poetry;
		};
/* End PBXContainerItemProxy section */

/* Begin PBXFileReference section */
		574D383128A027B8002F505A /* Poetry.app */ = {isa = PBXFileReference; explicitFileType = wrapper.application; includeInIndex = 0; path = Poetry.app; sourceTree = BUILT_PRODUCTS_DIR; };
		574D383428A027B8002F505A /* PoetryApp.swift */ = {isa = PBXFileReference; lastKnownFileType = sourcecode.swift; path = PoetryApp.swift; sourceTree = "<group>"; };
		574D383628A027B8002F505A /* ContentView.swift */ = {isa = PBXFileReference; lastKnownFileType = sourcecode.swift; path = ContentView.swift; sourceTree = "<group>"; };
		574D383828A027B9002F505A /* Assets.xcassets */ = {isa = PBXFileReference; lastKnownFileType = folder.assetcatalog; path = Assets.xcassets; sourceTree = "<group>"; };
		574D383B28A027B9002F505A /* Preview Assets.xcassets */ = {isa = PBXFileReference; lastKnownFileType = folder.assetcatalog; path = "Preview Assets.xcassets"; sourceTree = "<group>"; };
		574D384128A027B9002F505A /* PoetryTests.xctest */ = {isa = PBXFileReference; explicitFileType = wrapper.cfbundle; includeInIndex = 0; path = PoetryTests.xctest; sourceTree = BUILT_PRODUCTS_DIR; };
		574D384528A027B9002F505A /* PoetryTests.swift */ = {isa = PBXFileReference; lastKnownFileType = sourcecode.swift; path = PoetryTests.swift; sourceTree = "<group>"; };
		574D384B28A027B9002F505A /* PoetryUITests.xctest */ = {isa = PBXFileReference; explicitFileType = wrapper.cfbundle; includeInIndex = 0; path = PoetryUITests.xctest; sourceTree = BUILT_PRODUCTS_DIR; };
		574D384F28A027B9002F505A /* PoetryUITests.swift */ = {isa = PBXFileReference; lastKnownFileType = sourcecode.swift; path = PoetryUITests.swift; sourceTree = "<group>"; };
		574D385128A027B9002F505A /* PoetryUITestsLaunchTests.swift */ = {isa = PBXFileReference; lastKnownFileType = sourcecode.swift; path = PoetryUITestsLaunchTests.swift; sourceTree = "<group>"; };
		574D386028A027D5002F505A /* PoemTitleCell.swift */ = {isa = PBXFileReference; fileEncoding = 4; lastKnownFileType = sourcecode.swift; path = PoemTitleCell.swift; sourceTree = "<group>"; };
		574D386128A027D5002F505A /* PoemsViewModel.swift */ = {isa = PBXFileReference; fileEncoding = 4; lastKnownFileType = sourcecode.swift; path = PoemsViewModel.swift; sourceTree = "<group>"; };
		574D386428A027D5002F505A /* Blogger.swift */ = {isa = PBXFileReference; fileEncoding = 4; lastKnownFileType = sourcecode.swift; path = Blogger.swift; sourceTree = "<group>"; };
		574D386528A027D5002F505A /* AtomParser.swift */ = {isa = PBXFileReference; fileEncoding = 4; lastKnownFileType = sourcecode.swift; path = AtomParser.swift; sourceTree = "<group>"; };
		574D387228A03A72002F505A /* Info.plist */ = {isa = PBXFileReference; lastKnownFileType = text.plist; path = Info.plist; sourceTree = "<group>"; };
		574D387328A03C8D002F505A /* PoemView.swift */ = {isa = PBXFileReference; lastKnownFileType = sourcecode.swift; path = PoemView.swift; sourceTree = "<group>"; };
/* End PBXFileReference section */

/* Begin PBXFrameworksBuildPhase section */
		574D382E28A027B8002F505A /* Frameworks */ = {
			isa = PBXFrameworksBuildPhase;
			buildActionMask = 2147483647;
			files = (
				574D387128A02953002F505A /* GoogleAPIClientForREST_Blogger in Frameworks */,
				574D386E28A028EA002F505A /* Alamofire in Frameworks */,
			);
			runOnlyForDeploymentPostprocessing = 0;
		};
		574D383E28A027B9002F505A /* Frameworks */ = {
			isa = PBXFrameworksBuildPhase;
			buildActionMask = 2147483647;
			files = (
			);
			runOnlyForDeploymentPostprocessing = 0;
		};
		574D384828A027B9002F505A /* Frameworks */ = {
			isa = PBXFrameworksBuildPhase;
			buildActionMask = 2147483647;
			files = (
			);
			runOnlyForDeploymentPostprocessing = 0;
		};
/* End PBXFrameworksBuildPhase section */

/* Begin PBXGroup section */
		574D382828A027B8002F505A = {
			isa = PBXGroup;
			children = (
				574D383328A027B8002F505A /* Poetry */,
				574D384428A027B9002F505A /* PoetryTests */,
				574D384E28A027B9002F505A /* PoetryUITests */,
				574D383228A027B8002F505A /* Products */,
			);
			sourceTree = "<group>";
		};
		574D383228A027B8002F505A /* Products */ = {
			isa = PBXGroup;
			children = (
				574D383128A027B8002F505A /* Poetry.app */,
				574D384128A027B9002F505A /* PoetryTests.xctest */,
				574D384B28A027B9002F505A /* PoetryUITests.xctest */,
			);
			name = Products;
			sourceTree = "<group>";
		};
		574D383328A027B8002F505A /* Poetry */ = {
			isa = PBXGroup;
			children = (
				574D387228A03A72002F505A /* Info.plist */,
				574D386328A027D5002F505A /* Model */,
				574D385E28A027D5002F505A /* PoemsList */,
				574D383428A027B8002F505A /* PoetryApp.swift */,
				574D383628A027B8002F505A /* ContentView.swift */,
				574D387328A03C8D002F505A /* PoemView.swift */,
				574D383828A027B9002F505A /* Assets.xcassets */,
				574D383A28A027B9002F505A /* Preview Content */,
			);
			path = Poetry;
			sourceTree = "<group>";
		};
		574D383A28A027B9002F505A /* Preview Content */ = {
			isa = PBXGroup;
			children = (
				574D383B28A027B9002F505A /* Preview Assets.xcassets */,
			);
			path = "Preview Content";
			sourceTree = "<group>";
		};
		574D384428A027B9002F505A /* PoetryTests */ = {
			isa = PBXGroup;
			children = (
				574D384528A027B9002F505A /* PoetryTests.swift */,
			);
			path = PoetryTests;
			sourceTree = "<group>";
		};
		574D384E28A027B9002F505A /* PoetryUITests */ = {
			isa = PBXGroup;
			children = (
				574D384F28A027B9002F505A /* PoetryUITests.swift */,
				574D385128A027B9002F505A /* PoetryUITestsLaunchTests.swift */,
			);
			path = PoetryUITests;
			sourceTree = "<group>";
		};
		574D385E28A027D5002F505A /* PoemsList */ = {
			isa = PBXGroup;
			children = (
				574D386028A027D5002F505A /* PoemTitleCell.swift */,
				574D386128A027D5002F505A /* PoemsViewModel.swift */,
			);
			path = PoemsList;
			sourceTree = "<group>";
		};
		574D386328A027D5002F505A /* Model */ = {
			isa = PBXGroup;
			children = (
				574D386428A027D5002F505A /* Blogger.swift */,
				574D386528A027D5002F505A /* AtomParser.swift */,
			);
			path = Model;
			sourceTree = "<group>";
		};
/* End PBXGroup section */

/* Begin PBXNativeTarget section */
		574D383028A027B8002F505A /* Poetry */ = {
			isa = PBXNativeTarget;
			buildConfigurationList = 574D385528A027B9002F505A /* Build configuration list for PBXNativeTarget "Poetry" */;
			buildPhases = (
				574D382D28A027B8002F505A /* Sources */,
				574D382E28A027B8002F505A /* Frameworks */,
				574D382F28A027B8002F505A /* Resources */,
			);
			buildRules = (
			);
			dependencies = (
			);
			name = Poetry;
			packageProductDependencies = (
				574D386D28A028EA002F505A /* Alamofire */,
				574D387028A02953002F505A /* GoogleAPIClientForREST_Blogger */,
			);
			productName = Poetry;
			productReference = 574D383128A027B8002F505A /* Poetry.app */;
			productType = "com.apple.product-type.application";
		};
		574D384028A027B9002F505A /* PoetryTests */ = {
			isa = PBXNativeTarget;
			buildConfigurationList = 574D385828A027B9002F505A /* Build configuration list for PBXNativeTarget "PoetryTests" */;
			buildPhases = (
				574D383D28A027B9002F505A /* Sources */,
				574D383E28A027B9002F505A /* Frameworks */,
				574D383F28A027B9002F505A /* Resources */,
			);
			buildRules = (
			);
			dependencies = (
				574D384328A027B9002F505A /* PBXTargetDependency */,
			);
			name = PoetryTests;
			productName = PoetryTests;
			productReference = 574D384128A027B9002F505A /* PoetryTests.xctest */;
			productType = "com.apple.product-type.bundle.unit-test";
		};
		574D384A28A027B9002F505A /* PoetryUITests */ = {
			isa = PBXNativeTarget;
			buildConfigurationList = 574D385B28A027B9002F505A /* Build configuration list for PBXNativeTarget "PoetryUITests" */;
			buildPhases = (
				574D384728A027B9002F505A /* Sources */,
				574D384828A027B9002F505A /* Frameworks */,
				574D384928A027B9002F505A /* Resources */,
			);
			buildRules = (
			);
			dependencies = (
				574D384D28A027B9002F505A /* PBXTargetDependency */,
			);
			name = PoetryUITests;
			productName = PoetryUITests;
			productReference = 574D384B28A027B9002F505A /* PoetryUITests.xctest */;
			productType = "com.apple.product-type.bundle.ui-testing";
		};
/* End PBXNativeTarget section */

/* Begin PBXProject section */
		574D382928A027B8002F505A /* Project object */ = {
			isa = PBXProject;
			attributes = {
				BuildIndependentTargetsInParallel = 1;
				LastSwiftUpdateCheck = 1340;
				LastUpgradeCheck = 1340;
				TargetAttributes = {
					574D383028A027B8002F505A = {
						CreatedOnToolsVersion = 13.4.1;
					};
					574D384028A027B9002F505A = {
						CreatedOnToolsVersion = 13.4.1;
						TestTargetID = 574D383028A027B8002F505A;
					};
					574D384A28A027B9002F505A = {
						CreatedOnToolsVersion = 13.4.1;
						TestTargetID = 574D383028A027B8002F505A;
					};
				};
			};
			buildConfigurationList = 574D382C28A027B8002F505A /* Build configuration list for PBXProject "Poetry" */;
			compatibilityVersion = "Xcode 13.0";
			developmentRegion = en;
			hasScannedForEncodings = 0;
			knownRegions = (
				en,
				Base,
			);
			mainGroup = 574D382828A027B8002F505A;
			packageReferences = (
				574D386C28A028EA002F505A /* XCRemoteSwiftPackageReference "Alamofire" */,
				574D386F28A02953002F505A /* XCRemoteSwiftPackageReference "google-api-objectivec-client-for-rest" */,
			);
			productRefGroup = 574D383228A027B8002F505A /* Products */;
			projectDirPath = "";
			projectRoot = "";
			targets = (
				574D383028A027B8002F505A /* Poetry */,
				574D384028A027B9002F505A /* PoetryTests */,
				574D384A28A027B9002F505A /* PoetryUITests */,
			);
		};
/* End PBXProject section */

/* Begin PBXResourcesBuildPhase section */
		574D382F28A027B8002F505A /* Resources */ = {
			isa = PBXResourcesBuildPhase;
			buildActionMask = 2147483647;
			files = (
				574D383C28A027B9002F505A /* Preview Assets.xcassets in Resources */,
				574D383928A027B9002F505A /* Assets.xcassets in Resources */,
			);
			runOnlyForDeploymentPostprocessing = 0;
		};
		574D383F28A027B9002F505A /* Resources */ = {
			isa = PBXResourcesBuildPhase;
			buildActionMask = 2147483647;
			files = (
			);
			runOnlyForDeploymentPostprocessing = 0;
		};
		574D384928A027B9002F505A /* Resources */ = {
			isa = PBXResourcesBuildPhase;
			buildActionMask = 2147483647;
			files = (
			);
			runOnlyForDeploymentPostprocessing = 0;
		};
/* End PBXResourcesBuildPhase section */

/* Begin PBXSourcesBuildPhase section */
		574D382D28A027B8002F505A /* Sources */ = {
			isa = PBXSourcesBuildPhase;
			buildActionMask = 2147483647;
			files = (
				574D386B28A027D6002F505A /* AtomParser.swift in Sources */,
				574D387428A03C8D002F505A /* PoemView.swift in Sources */,
				574D386A28A027D6002F505A /* Blogger.swift in Sources */,
				574D386728A027D6002F505A /* PoemTitleCell.swift in Sources */,
				574D383728A027B8002F505A /* ContentView.swift in Sources */,
				574D383528A027B8002F505A /* PoetryApp.swift in Sources */,
				574D386828A027D6002F505A /* PoemsViewModel.swift in Sources */,
			);
			runOnlyForDeploymentPostprocessing = 0;
		};
		574D383D28A027B9002F505A /* Sources */ = {
			isa = PBXSourcesBuildPhase;
			buildActionMask = 2147483647;
			files = (
				574D384628A027B9002F505A /* PoetryTests.swift in Sources */,
			);
			runOnlyForDeploymentPostprocessing = 0;
		};
		574D384728A027B9002F505A /* Sources */ = {
			isa = PBXSourcesBuildPhase;
			buildActionMask = 2147483647;
			files = (
				574D385028A027B9002F505A /* PoetryUITests.swift in Sources */,
				574D385228A027B9002F505A /* PoetryUITestsLaunchTests.swift in Sources */,
			);
			runOnlyForDeploymentPostprocessing = 0;
		};
/* End PBXSourcesBuildPhase section */

/* Begin PBXTargetDependency section */
		574D384328A027B9002F505A /* PBXTargetDependency */ = {
			isa = PBXTargetDependency;
			target = 574D383028A027B8002F505A /* Poetry */;
			targetProxy = 574D384228A027B9002F505A /* PBXContainerItemProxy */;
		};
		574D384D28A027B9002F505A /* PBXTargetDependency */ = {
			isa = PBXTargetDependency;
			target = 574D383028A027B8002F505A /* Poetry */;
			targetProxy = 574D384C28A027B9002F505A /* PBXContainerItemProxy */;
		};
/* End PBXTargetDependency section */

/* Begin XCBuildConfiguration section */
		574D385328A027B9002F505A /* Debug */ = {
			isa = XCBuildConfiguration;
			buildSettings = {
				ALWAYS_SEARCH_USER_PATHS = NO;
				CLANG_ANALYZER_NONNULL = YES;
				CLANG_ANALYZER_NUMBER_OBJECT_CONVERSION = YES_AGGRESSIVE;
				CLANG_CXX_LANGUAGE_STANDARD = "gnu++17";
				CLANG_ENABLE_MODULES = YES;
				CLANG_ENABLE_OBJC_ARC = YES;
				CLANG_ENABLE_OBJC_WEAK = YES;
				CLANG_WARN_BLOCK_CAPTURE_AUTORELEASING = YES;
				CLANG_WARN_BOOL_CONVERSION = YES;
				CLANG_WARN_COMMA = YES;
				CLANG_WARN_CONSTANT_CONVERSION = YES;
				CLANG_WARN_DEPRECATED_OBJC_IMPLEMENTATIONS = YES;
				CLANG_WARN_DIRECT_OBJC_ISA_USAGE = YES_ERROR;
				CLANG_WARN_DOCUMENTATION_COMMENTS = YES;
				CLANG_WARN_EMPTY_BODY = YES;
				CLANG_WARN_ENUM_CONVERSION = YES;
				CLANG_WARN_INFINITE_RECURSION = YES;
				CLANG_WARN_INT_CONVERSION = YES;
				CLANG_WARN_NON_LITERAL_NULL_CONVERSION = YES;
				CLANG_WARN_OBJC_IMPLICIT_RETAIN_SELF = YES;
				CLANG_WARN_OBJC_LITERAL_CONVERSION = YES;
				CLANG_WARN_OBJC_ROOT_CLASS = YES_ERROR;
				CLANG_WARN_QUOTED_INCLUDE_IN_FRAMEWORK_HEADER = YES;
				CLANG_WARN_RANGE_LOOP_ANALYSIS = YES;
				CLANG_WARN_STRICT_PROTOTYPES = YES;
				CLANG_WARN_SUSPICIOUS_MOVE = YES;
				CLANG_WARN_UNGUARDED_AVAILABILITY = YES_AGGRESSIVE;
				CLANG_WARN_UNREACHABLE_CODE = YES;
				CLANG_WARN__DUPLICATE_METHOD_MATCH = YES;
				COPY_PHASE_STRIP = NO;
				DEBUG_INFORMATION_FORMAT = dwarf;
				ENABLE_STRICT_OBJC_MSGSEND = YES;
				ENABLE_TESTABILITY = YES;
				GCC_C_LANGUAGE_STANDARD = gnu11;
				GCC_DYNAMIC_NO_PIC = NO;
				GCC_NO_COMMON_BLOCKS = YES;
				GCC_OPTIMIZATION_LEVEL = 0;
				GCC_PREPROCESSOR_DEFINITIONS = (
					"DEBUG=1",
					"$(inherited)",
				);
				GCC_WARN_64_TO_32_BIT_CONVERSION = YES;
				GCC_WARN_ABOUT_RETURN_TYPE = YES_ERROR;
				GCC_WARN_UNDECLARED_SELECTOR = YES;
				GCC_WARN_UNINITIALIZED_AUTOS = YES_AGGRESSIVE;
				GCC_WARN_UNUSED_FUNCTION = YES;
				GCC_WARN_UNUSED_VARIABLE = YES;
				IPHONEOS_DEPLOYMENT_TARGET = 15.5;
				MTL_ENABLE_DEBUG_INFO = INCLUDE_SOURCE;
				MTL_FAST_MATH = YES;
				ONLY_ACTIVE_ARCH = YES;
				SDKROOT = iphoneos;
				SWIFT_ACTIVE_COMPILATION_CONDITIONS = DEBUG;
				SWIFT_OPTIMIZATION_LEVEL = "-Onone";
			};
			name = Debug;
		};
		574D385428A027B9002F505A /* Release */ = {
			isa = XCBuildConfiguration;
			buildSettings = {
				ALWAYS_SEARCH_USER_PATHS = NO;
				CLANG_ANALYZER_NONNULL = YES;
				CLANG_ANALYZER_NUMBER_OBJECT_CONVERSION = YES_AGGRESSIVE;
				CLANG_CXX_LANGUAGE_STANDARD = "gnu++17";
				CLANG_ENABLE_MODULES = YES;
				CLANG_ENABLE_OBJC_ARC = YES;
				CLANG_ENABLE_OBJC_WEAK = YES;
				CLANG_WARN_BLOCK_CAPTURE_AUTORELEASING = YES;
				CLANG_WARN_BOOL_CONVERSION = YES;
				CLANG_WARN_COMMA = YES;
				CLANG_WARN_CONSTANT_CONVERSION = YES;
				CLANG_WARN_DEPRECATED_OBJC_IMPLEMENTATIONS = YES;
				CLANG_WARN_DIRECT_OBJC_ISA_USAGE = YES_ERROR;
				CLANG_WARN_DOCUMENTATION_COMMENTS = YES;
				CLANG_WARN_EMPTY_BODY = YES;
				CLANG_WARN_ENUM_CONVERSION = YES;
				CLANG_WARN_INFINITE_RECURSION = YES;
				CLANG_WARN_INT_CONVERSION = YES;
				CLANG_WARN_NON_LITERAL_NULL_CONVERSION = YES;
				CLANG_WARN_OBJC_IMPLICIT_RETAIN_SELF = YES;
				CLANG_WARN_OBJC_LITERAL_CONVERSION = YES;
				CLANG_WARN_OBJC_ROOT_CLASS = YES_ERROR;
				CLANG_WARN_QUOTED_INCLUDE_IN_FRAMEWORK_HEADER = YES;
				CLANG_WARN_RANGE_LOOP_ANALYSIS = YES;
				CLANG_WARN_STRICT_PROTOTYPES = YES;
				CLANG_WARN_SUSPICIOUS_MOVE = YES;
				CLANG_WARN_UNGUARDED_AVAILABILITY = YES_AGGRESSIVE;
				CLANG_WARN_UNREACHABLE_CODE = YES;
				CLANG_WARN__DUPLICATE_METHOD_MATCH = YES;
				COPY_PHASE_STRIP = NO;
				DEBUG_INFORMATION_FORMAT = "dwarf-with-dsym";
				ENABLE_NS_ASSERTIONS = NO;
				ENABLE_STRICT_OBJC_MSGSEND = YES;
				GCC_C_LANGUAGE_STANDARD = gnu11;
				GCC_NO_COMMON_BLOCKS = YES;
				GCC_WARN_64_TO_32_BIT_CONVERSION = YES;
				GCC_WARN_ABOUT_RETURN_TYPE = YES_ERROR;
				GCC_WARN_UNDECLARED_SELECTOR = YES;
				GCC_WARN_UNINITIALIZED_AUTOS = YES_AGGRESSIVE;
				GCC_WARN_UNUSED_FUNCTION = YES;
				GCC_WARN_UNUSED_VARIABLE = YES;
				IPHONEOS_DEPLOYMENT_TARGET = 15.5;
				MTL_ENABLE_DEBUG_INFO = NO;
				MTL_FAST_MATH = YES;
				SDKROOT = iphoneos;
				SWIFT_COMPILATION_MODE = wholemodule;
				SWIFT_OPTIMIZATION_LEVEL = "-O";
				VALIDATE_PRODUCT = YES;
			};
			name = Release;
		};
		574D385628A027B9002F505A /* Debug */ = {
			isa = XCBuildConfiguration;
			buildSettings = {
				ASSETCATALOG_COMPILER_APPICON_NAME = AppIcon;
				ASSETCATALOG_COMPILER_GLOBAL_ACCENT_COLOR_NAME = AccentColor;
				CODE_SIGN_STYLE = Automatic;
				CURRENT_PROJECT_VERSION = 1;
				DEVELOPMENT_ASSET_PATHS = "\"Poetry/Preview Content\"";
				DEVELOPMENT_TEAM = 2UZBQ4Q9LW;
				ENABLE_PREVIEWS = YES;
				GENERATE_INFOPLIST_FILE = YES;
				INFOPLIST_FILE = Poetry/Info.plist;
				INFOPLIST_KEY_UIApplicationSceneManifest_Generation = YES;
				INFOPLIST_KEY_UIApplicationSupportsIndirectInputEvents = YES;
				INFOPLIST_KEY_UILaunchScreen_Generation = YES;
				INFOPLIST_KEY_UISupportedInterfaceOrientations_iPad = "UIInterfaceOrientationPortrait UIInterfaceOrientationPortraitUpsideDown UIInterfaceOrientationLandscapeLeft UIInterfaceOrientationLandscapeRight";
				INFOPLIST_KEY_UISupportedInterfaceOrientations_iPhone = "UIInterfaceOrientationPortrait UIInterfaceOrientationLandscapeLeft UIInterfaceOrientationLandscapeRight";
				LD_RUNPATH_SEARCH_PATHS = (
					"$(inherited)",
					"@executable_path/Frameworks",
				);
				MARKETING_VERSION = 1.0;
				PRODUCT_BUNDLE_IDENTIFIER = me.aleos.Poetry;
				PRODUCT_NAME = "$(TARGET_NAME)";
				SWIFT_EMIT_LOC_STRINGS = YES;
				SWIFT_VERSION = 5.0;
				TARGETED_DEVICE_FAMILY = 1;
			};
			name = Debug;
		};
		574D385728A027B9002F505A /* Release */ = {
			isa = XCBuildConfiguration;
			buildSettings = {
				ASSETCATALOG_COMPILER_APPICON_NAME = AppIcon;
				ASSETCATALOG_COMPILER_GLOBAL_ACCENT_COLOR_NAME = AccentColor;
				CODE_SIGN_STYLE = Automatic;
				CURRENT_PROJECT_VERSION = 1;
				DEVELOPMENT_ASSET_PATHS = "\"Poetry/Preview Content\"";
				DEVELOPMENT_TEAM = 2UZBQ4Q9LW;
				ENABLE_PREVIEWS = YES;
				GENERATE_INFOPLIST_FILE = YES;
				INFOPLIST_FILE = Poetry/Info.plist;
				INFOPLIST_KEY_UIApplicationSceneManifest_Generation = YES;
				INFOPLIST_KEY_UIApplicationSupportsIndirectInputEvents = YES;
				INFOPLIST_KEY_UILaunchScreen_Generation = YES;
				INFOPLIST_KEY_UISupportedInterfaceOrientations_iPad = "UIInterfaceOrientationPortrait UIInterfaceOrientationPortraitUpsideDown UIInterfaceOrientationLandscapeLeft UIInterfaceOrientationLandscapeRight";
				INFOPLIST_KEY_UISupportedInterfaceOrientations_iPhone = "UIInterfaceOrientationPortrait UIInterfaceOrientationLandscapeLeft UIInterfaceOrientationLandscapeRight";
				LD_RUNPATH_SEARCH_PATHS = (
					"$(inherited)",
					"@executable_path/Frameworks",
				);
				MARKETING_VERSION = 1.0;
				PRODUCT_BUNDLE_IDENTIFIER = me.aleos.Poetry;
				PRODUCT_NAME = "$(TARGET_NAME)";
				SWIFT_EMIT_LOC_STRINGS = YES;
				SWIFT_VERSION = 5.0;
				TARGETED_DEVICE_FAMILY = 1;
			};
			name = Release;
		};
		574D385928A027B9002F505A /* Debug */ = {
			isa = XCBuildConfiguration;
			buildSettings = {
				ALWAYS_EMBED_SWIFT_STANDARD_LIBRARIES = YES;
				BUNDLE_LOADER = "$(TEST_HOST)";
				CODE_SIGN_STYLE = Automatic;
				CURRENT_PROJECT_VERSION = 1;
				DEVELOPMENT_TEAM = 2UZBQ4Q9LW;
				GENERATE_INFOPLIST_FILE = YES;
				IPHONEOS_DEPLOYMENT_TARGET = 15.5;
				MARKETING_VERSION = 1.0;
				PRODUCT_BUNDLE_IDENTIFIER = me.aleos.PoetryTests;
				PRODUCT_NAME = "$(TARGET_NAME)";
				SWIFT_EMIT_LOC_STRINGS = NO;
				SWIFT_VERSION = 5.0;
				TARGETED_DEVICE_FAMILY = "1,2";
				TEST_HOST = "$(BUILT_PRODUCTS_DIR)/Poetry.app/Poetry";
			};
			name = Debug;
		};
		574D385A28A027B9002F505A /* Release */ = {
			isa = XCBuildConfiguration;
			buildSettings = {
				ALWAYS_EMBED_SWIFT_STANDARD_LIBRARIES = YES;
				BUNDLE_LOADER = "$(TEST_HOST)";
				CODE_SIGN_STYLE = Automatic;
				CURRENT_PROJECT_VERSION = 1;
				DEVELOPMENT_TEAM = 2UZBQ4Q9LW;
				GENERATE_INFOPLIST_FILE = YES;
				IPHONEOS_DEPLOYMENT_TARGET = 15.5;
				MARKETING_VERSION = 1.0;
				PRODUCT_BUNDLE_IDENTIFIER = me.aleos.PoetryTests;
				PRODUCT_NAME = "$(TARGET_NAME)";
				SWIFT_EMIT_LOC_STRINGS = NO;
				SWIFT_VERSION = 5.0;
				TARGETED_DEVICE_FAMILY = "1,2";
				TEST_HOST = "$(BUILT_PRODUCTS_DIR)/Poetry.app/Poetry";
			};
			name = Release;
		};
		574D385C28A027B9002F505A /* Debug */ = {
			isa = XCBuildConfiguration;
			buildSettings = {
				ALWAYS_EMBED_SWIFT_STANDARD_LIBRARIES = YES;
				CODE_SIGN_STYLE = Automatic;
				CURRENT_PROJECT_VERSION = 1;
				DEVELOPMENT_TEAM = 2UZBQ4Q9LW;
				GENERATE_INFOPLIST_FILE = YES;
				MARKETING_VERSION = 1.0;
				PRODUCT_BUNDLE_IDENTIFIER = me.aleos.PoetryUITests;
				PRODUCT_NAME = "$(TARGET_NAME)";
				SWIFT_EMIT_LOC_STRINGS = NO;
				SWIFT_VERSION = 5.0;
				TARGETED_DEVICE_FAMILY = "1,2";
				TEST_TARGET_NAME = Poetry;
			};
			name = Debug;
		};
		574D385D28A027B9002F505A /* Release */ = {
			isa = XCBuildConfiguration;
			buildSettings = {
				ALWAYS_EMBED_SWIFT_STANDARD_LIBRARIES = YES;
				CODE_SIGN_STYLE = Automatic;
				CURRENT_PROJECT_VERSION = 1;
				DEVELOPMENT_TEAM = 2UZBQ4Q9LW;
				GENERATE_INFOPLIST_FILE = YES;
				MARKETING_VERSION = 1.0;
				PRODUCT_BUNDLE_IDENTIFIER = me.aleos.PoetryUITests;
				PRODUCT_NAME = "$(TARGET_NAME)";
				SWIFT_EMIT_LOC_STRINGS = NO;
				SWIFT_VERSION = 5.0;
				TARGETED_DEVICE_FAMILY = "1,2";
				TEST_TARGET_NAME = Poetry;
			};
			name = Release;
		};
/* End XCBuildConfiguration section */

/* Begin XCConfigurationList section */
		574D382C28A027B8002F505A /* Build configuration list for PBXProject "Poetry" */ = {
			isa = XCConfigurationList;
			buildConfigurations = (
				574D385328A027B9002F505A /* Debug */,
				574D385428A027B9002F505A /* Release */,
			);
			defaultConfigurationIsVisible = 0;
			defaultConfigurationName = Release;
		};
		574D385528A027B9002F505A /* Build configuration list for PBXNativeTarget "Poetry" */ = {
			isa = XCConfigurationList;
			buildConfigurations = (
				574D385628A027B9002F505A /* Debug */,
				574D385728A027B9002F505A /* Release */,
			);
			defaultConfigurationIsVisible = 0;
			defaultConfigurationName = Release;
		};
		574D385828A027B9002F505A /* Build configuration list for PBXNativeTarget "PoetryTests" */ = {
			isa = XCConfigurationList;
			buildConfigurations = (
				574D385928A027B9002F505A /* Debug */,
				574D385A28A027B9002F505A /* Release */,
			);
			defaultConfigurationIsVisible = 0;
			defaultConfigurationName = Release;
		};
		574D385B28A027B9002F505A /* Build configuration list for PBXNativeTarget "PoetryUITests" */ = {
			isa = XCConfigurationList;
			buildConfigurations = (
				574D385C28A027B9002F505A /* Debug */,
				574D385D28A027B9002F505A /* Release */,
			);
			defaultConfigurationIsVisible = 0;
			defaultConfigurationName = Release;
		};
/* End XCConfigurationList section */

/* Begin XCRemoteSwiftPackageReference section */
		574D386C28A028EA002F505A /* XCRemoteSwiftPackageReference "Alamofire" */ = {
			isa = XCRemoteSwiftPackageReference;
			repositoryURL = "https://github.com/Alamofire/Alamofire.git";
			requirement = {
				kind = upToNextMajorVersion;
				minimumVersion = 5.0.0;
			};
		};
		574D386F28A02953002F505A /* XCRemoteSwiftPackageReference "google-api-objectivec-client-for-rest" */ = {
			isa = XCRemoteSwiftPackageReference;
			repositoryURL = "https://github.com/google/google-api-objectivec-client-for-rest.git";
			requirement = {
				branch = main;
				kind = branch;
			};
		};
/* End XCRemoteSwiftPackageReference section */

/* Begin XCSwiftPackageProductDependency section */
		574D386D28A028EA002F505A /* Alamofire */ = {
			isa = XCSwiftPackageProductDependency;
			package = 574D386C28A028EA002F505A /* XCRemoteSwiftPackageReference "Alamofire" */;
			productName = Alamofire;
		};
		574D387028A02953002F505A /* GoogleAPIClientForREST_Blogger */ = {
			isa = XCSwiftPackageProductDependency;
			package = 574D386F28A02953002F505A /* XCRemoteSwiftPackageReference "google-api-objectivec-client-for-rest" */;
			productName = GoogleAPIClientForREST_Blogger;
		};
/* End XCSwiftPackageProductDependency section */
	};
	rootObject = 574D382928A027B8002F505A /* Project object */;
}
